
Microsoft Visual Studio Solution File, Format Version 12.00
# Visual Studio Version 17
VisualStudioVersion = 17.11.35303.130
MinimumVisualStudioVersion = 10.0.40219.1
Project("{FAE04EC0-301F-11D3-BF4B-00C04F79EFBC}") = "02.11.2", "02.11.2\02.11.2.csproj", "{DA2606A3-1D70-4DF5-ADC7-9690C84C8EDF}"
EndProject
Global
	GlobalSection(SolutionConfigurationPlatforms) = preSolution
		Debug|Any CPU = Debug|Any CPU
		Release|Any CPU = Release|Any CPU
	EndGlobalSection
	GlobalSection(ProjectConfigurationPlatforms) = postSolution
		{DA2606A3-1D70-4DF5-ADC7-9690C84C8EDF}.Debug|Any CPU.ActiveCfg = Debug|Any CPU
		{DA2606A3-1D70-4DF5-ADC7-9690C84C8EDF}.Debug|Any CPU.Build.0 = Debug|Any CPU
		{DA2606A3-1D70-4DF5-ADC7-9690C84C8EDF}.Release|Any CPU.ActiveCfg = Release|Any CPU
		{DA2606A3-1D70-4DF5-ADC7-9690C84C8EDF}.Release|Any CPU.Build.0 = Release|Any CPU
	EndGlobalSection
	GlobalSection(SolutionProperties) = preSolution
		HideSolutionNode = FALSE
	EndGlobalSection
	GlobalSection(ExtensibilityGlobals) = postSolution
		SolutionGuid = {632F7E03-E348-4E64-A5AB-1B6600FF4E39}
	EndGlobalSection
EndGlobal
